
Microsoft Visual Studio Solution File, Format Version 12.00
# Visual Studio Version 17
VisualStudioVersion = 17.3.32804.467
MinimumVisualStudioVersion = 10.0.40219.1
Project("{FAE04EC0-301F-11D3-BF4B-00C04F79EFBC}") = "Test", "Test\Test.csproj", "{0AF22BF8-83B0-4393-80DF-AA6994576E02}"
EndProject
Global
	GlobalSection(SolutionConfigurationPlatforms) = preSolution
		Debug|Any CPU = Debug|Any CPU
		Release|Any CPU = Release|Any CPU
	EndGlobalSection
	GlobalSection(ProjectConfigurationPlatforms) = postSolution
		{0AF22BF8-83B0-4393-80DF-AA6994576E02}.Debug|Any CPU.ActiveCfg = Debug|Any CPU
		{0AF22BF8-83B0-4393-80DF-AA6994576E02}.Debug|Any CPU.Build.0 = Debug|Any CPU
		{0AF22BF8-83B0-4393-80DF-AA6994576E02}.Release|Any CPU.ActiveCfg = Release|Any CPU
		{0AF22BF8-83B0-4393-80DF-AA6994576E02}.Release|Any CPU.Build.0 = Release|Any CPU
	EndGlobalSection
	GlobalSection(SolutionProperties) = preSolution
		HideSolutionNode = FALSE
	EndGlobalSection
	GlobalSection(ExtensibilityGlobals) = postSolution
		SolutionGuid = {1A1B6585-908E-4BE8-B837-8DB6E31AD889}
	EndGlobalSection
EndGlobal
